// !$*UTF8*$!
{
	archiveVersion = 1;
	classes = {
	};
	objectVersion = 46;
	objects = {

/* Begin PBXBuildFile section */
		B5307F861C7EE6CB00F04AC3 /* SFUIText-Bold.otf in Resources */ = {isa = PBXBuildFile; fileRef = B5307F811C7EE6CB00F04AC3 /* SFUIText-Bold.otf */; };
		B5307F871C7EE6CB00F04AC3 /* SFUIText-Light.otf in Resources */ = {isa = PBXBuildFile; fileRef = B5307F821C7EE6CB00F04AC3 /* SFUIText-Light.otf */; };
		B5307F881C7EE6CB00F04AC3 /* SFUIText-Medium.otf in Resources */ = {isa = PBXBuildFile; fileRef = B5307F831C7EE6CB00F04AC3 /* SFUIText-Medium.otf */; };
		B5307F891C7EE6CB00F04AC3 /* SFUIText-Regular.otf in Resources */ = {isa = PBXBuildFile; fileRef = B5307F841C7EE6CB00F04AC3 /* SFUIText-Regular.otf */; };
		B5307F8A1C7EE6CB00F04AC3 /* SFUIText-Semibold.otf in Resources */ = {isa = PBXBuildFile; fileRef = B5307F851C7EE6CB00F04AC3 /* SFUIText-Semibold.otf */; };
		B5307F901C7EE6E300F04AC3 /* BebasNeueBold.otf in Resources */ = {isa = PBXBuildFile; fileRef = B5307F8B1C7EE6E300F04AC3 /* BebasNeueBold.otf */; };
		B5307F911C7EE6E300F04AC3 /* BebasNeueBook.otf in Resources */ = {isa = PBXBuildFile; fileRef = B5307F8C1C7EE6E300F04AC3 /* BebasNeueBook.otf */; };
		B5307F921C7EE6E300F04AC3 /* BebasNeueLight.otf in Resources */ = {isa = PBXBuildFile; fileRef = B5307F8D1C7EE6E300F04AC3 /* BebasNeueLight.otf */; };
		B5307F931C7EE6E300F04AC3 /* BebasNeueRegular.otf in Resources */ = {isa = PBXBuildFile; fileRef = B5307F8E1C7EE6E300F04AC3 /* BebasNeueRegular.otf */; };
		B5307F941C7EE6E300F04AC3 /* BebasNeue-Thin.otf in Resources */ = {isa = PBXBuildFile; fileRef = B5307F8F1C7EE6E300F04AC3 /* BebasNeue-Thin.otf */; };
		B5307F961C7EF10E00F04AC3 /* IndexLabel.xib in Resources */ = {isa = PBXBuildFile; fileRef = B5307F951C7EF10E00F04AC3 /* IndexLabel.xib */; };
		B5307F981C7EF72400F04AC3 /* ButtonView.xib in Resources */ = {isa = PBXBuildFile; fileRef = B5307F971C7EF72400F04AC3 /* ButtonView.xib */; };
		B5307F9A1C7EFB5900F04AC3 /* VehicleView.xib in Resources */ = {isa = PBXBuildFile; fileRef = B5307F991C7EFB5900F04AC3 /* VehicleView.xib */; };
		B5307F9C1C7EFF0D00F04AC3 /* PositionLabel.xib in Resources */ = {isa = PBXBuildFile; fileRef = B5307F9B1C7EFF0D00F04AC3 /* PositionLabel.xib */; };
		B53106CE1C7FF2CB00690145 /* MilesView.swift in Sources */ = {isa = PBXBuildFile; fileRef = B53106CD1C7FF2CB00690145 /* MilesView.swift */; };
		B53106D01C80454500690145 /* AchievementView.xib in Resources */ = {isa = PBXBuildFile; fileRef = B53106CF1C80454500690145 /* AchievementView.xib */; };
		B55084D01C7FC2DC0083B242 /* ButtonView.swift in Sources */ = {isa = PBXBuildFile; fileRef = B55084CF1C7FC2DC0083B242 /* ButtonView.swift */; };
		B55084D21C7FCB290083B242 /* PositionLabel.swift in Sources */ = {isa = PBXBuildFile; fileRef = B55084D11C7FCB290083B242 /* PositionLabel.swift */; };
		B571573E1C7FECA900A905CB /* MilesView.xib in Resources */ = {isa = PBXBuildFile; fileRef = B571573D1C7FECA900A905CB /* MilesView.xib */; };
		B5CAD01F1C82A253002D80EB /* AchievementsView.swift in Sources */ = {isa = PBXBuildFile; fileRef = B5CAD01E1C82A253002D80EB /* AchievementsView.swift */; };
		C1CAC8837F7630815E9A39A0 /* Pods.framework in Frameworks */ = {isa = PBXBuildFile; fileRef = BFB4040FFF439FA729D207C8 /* Pods.framework */; };
		CF0378E61C8400C6004AD39B /* ColorPalette.swift in Sources */ = {isa = PBXBuildFile; fileRef = CF0378E51C8400C6004AD39B /* ColorPalette.swift */; };
		CF56A22E1C7EC956002F9F5B /* AppDelegate.swift in Sources */ = {isa = PBXBuildFile; fileRef = CF56A22D1C7EC956002F9F5B /* AppDelegate.swift */; };
		CF56A2351C7EC956002F9F5B /* Assets.xcassets in Resources */ = {isa = PBXBuildFile; fileRef = CF56A2341C7EC956002F9F5B /* Assets.xcassets */; };
		CF56A2381C7EC956002F9F5B /* LaunchScreen.storyboard in Resources */ = {isa = PBXBuildFile; fileRef = CF56A2361C7EC956002F9F5B /* LaunchScreen.storyboard */; };
		CF56A2411C7ECC0C002F9F5B /* Menu.storyboard in Resources */ = {isa = PBXBuildFile; fileRef = CF56A23F1C7ECC0C002F9F5B /* Menu.storyboard */; };
		CF56A2431C7ECE2F002F9F5B /* MenuScene.swift in Sources */ = {isa = PBXBuildFile; fileRef = CF56A2421C7ECE2F002F9F5B /* MenuScene.swift */; };
		CF56A2451C7ED006002F9F5B /* MenuCell.xib in Resources */ = {isa = PBXBuildFile; fileRef = CF56A2441C7ED006002F9F5B /* MenuCell.xib */; };
		CF56A2481C7ED633002F9F5B /* Your Drive.storyboard in Resources */ = {isa = PBXBuildFile; fileRef = CF56A2461C7ED633002F9F5B /* Your Drive.storyboard */; };
		CF56A24B1C7ED64B002F9F5B /* Car Performance.storyboard in Resources */ = {isa = PBXBuildFile; fileRef = CF56A2491C7ED64B002F9F5B /* Car Performance.storyboard */; };
		CF56A2521C7ED67F002F9F5B /* Feed.storyboard in Resources */ = {isa = PBXBuildFile; fileRef = CF56A2501C7ED67F002F9F5B /* Feed.storyboard */; };
		CF56A2551C7ED69C002F9F5B /* Dashboard.storyboard in Resources */ = {isa = PBXBuildFile; fileRef = CF56A2531C7ED69C002F9F5B /* Dashboard.storyboard */; };
		CF56A2581C7ED9B8002F9F5B /* Graphics.swift in Sources */ = {isa = PBXBuildFile; fileRef = CF56A2571C7ED9B8002F9F5B /* Graphics.swift */; };
		CF56A25A1C7F09CF002F9F5B /* NavigationBar.swift in Sources */ = {isa = PBXBuildFile; fileRef = CF56A2591C7F09CF002F9F5B /* NavigationBar.swift */; };
		CF56A25E1C7F169C002F9F5B /* VehicleView.swift in Sources */ = {isa = PBXBuildFile; fileRef = CF56A25D1C7F169C002F9F5B /* VehicleView.swift */; };
		CF56A2601C7F16DB002F9F5B /* VehicleScene.swift in Sources */ = {isa = PBXBuildFile; fileRef = CF56A25F1C7F16DB002F9F5B /* VehicleScene.swift */; };
		CF56A2631C7F1759002F9F5B /* ViewController.swift in Sources */ = {isa = PBXBuildFile; fileRef = CF56A2621C7F1759002F9F5B /* ViewController.swift */; };
		CF56A2651C7F18CC002F9F5B /* IndexLabel.swift in Sources */ = {isa = PBXBuildFile; fileRef = CF56A2641C7F18CC002F9F5B /* IndexLabel.swift */; };
		CF97042D1C7FEE220035CECE /* RouteView.swift in Sources */ = {isa = PBXBuildFile; fileRef = CF97042C1C7FEE220035CECE /* RouteView.swift */; };
		CF9704321C804BB00035CECE /* PositionLabelCompact.xib in Resources */ = {isa = PBXBuildFile; fileRef = CF9704311C804BB00035CECE /* PositionLabelCompact.xib */; };
		CF9704341C8052070035CECE /* ActivityScene.swift in Sources */ = {isa = PBXBuildFile; fileRef = CF9704331C8052070035CECE /* ActivityScene.swift */; };
		CFA34D7D1C83D69700B2D869 /* Achievement.swift in Sources */ = {isa = PBXBuildFile; fileRef = CFA34D7C1C83D69700B2D869 /* Achievement.swift */; };
		CFA34D801C83E0F800B2D869 /* DashboardScene.swift in Sources */ = {isa = PBXBuildFile; fileRef = CFA34D7F1C83E0F800B2D869 /* DashboardScene.swift */; };
		CFA34D831C83E3ED00B2D869 /* Formatter.swift in Sources */ = {isa = PBXBuildFile; fileRef = CFA34D821C83E3ED00B2D869 /* Formatter.swift */; };
		CFA34D851C83E42700B2D869 /* RouteHistory.swift in Sources */ = {isa = PBXBuildFile; fileRef = CFA34D841C83E42700B2D869 /* RouteHistory.swift */; };
		CFA34D871C83E85D00B2D869 /* DateTicker.swift in Sources */ = {isa = PBXBuildFile; fileRef = CFA34D861C83E85D00B2D869 /* DateTicker.swift */; };
		CFA34D891C83E8B000B2D869 /* DateTicker.xib in Resources */ = {isa = PBXBuildFile; fileRef = CFA34D881C83E8B000B2D869 /* DateTicker.xib */; };
/* End PBXBuildFile section */

/* Begin PBXFileReference section */
		9B9F15CC63F2B2FF661D7EFF /* Pods.release.xcconfig */ = {isa = PBXFileReference; includeInIndex = 1; lastKnownFileType = text.xcconfig; name = Pods.release.xcconfig; path = "Pods/Target Support Files/Pods/Pods.release.xcconfig"; sourceTree = "<group>"; };
		B5307F811C7EE6CB00F04AC3 /* SFUIText-Bold.otf */ = {isa = PBXFileReference; lastKnownFileType = file; path = "SFUIText-Bold.otf"; sourceTree = "<group>"; };
		B5307F821C7EE6CB00F04AC3 /* SFUIText-Light.otf */ = {isa = PBXFileReference; lastKnownFileType = file; path = "SFUIText-Light.otf"; sourceTree = "<group>"; };
		B5307F831C7EE6CB00F04AC3 /* SFUIText-Medium.otf */ = {isa = PBXFileReference; lastKnownFileType = file; path = "SFUIText-Medium.otf"; sourceTree = "<group>"; };
		B5307F841C7EE6CB00F04AC3 /* SFUIText-Regular.otf */ = {isa = PBXFileReference; lastKnownFileType = file; path = "SFUIText-Regular.otf"; sourceTree = "<group>"; };
		B5307F851C7EE6CB00F04AC3 /* SFUIText-Semibold.otf */ = {isa = PBXFileReference; lastKnownFileType = file; path = "SFUIText-Semibold.otf"; sourceTree = "<group>"; };
		B5307F8B1C7EE6E300F04AC3 /* BebasNeueBold.otf */ = {isa = PBXFileReference; lastKnownFileType = file; path = BebasNeueBold.otf; sourceTree = "<group>"; };
		B5307F8C1C7EE6E300F04AC3 /* BebasNeueBook.otf */ = {isa = PBXFileReference; lastKnownFileType = file; path = BebasNeueBook.otf; sourceTree = "<group>"; };
		B5307F8D1C7EE6E300F04AC3 /* BebasNeueLight.otf */ = {isa = PBXFileReference; lastKnownFileType = file; path = BebasNeueLight.otf; sourceTree = "<group>"; };
		B5307F8E1C7EE6E300F04AC3 /* BebasNeueRegular.otf */ = {isa = PBXFileReference; lastKnownFileType = file; path = BebasNeueRegular.otf; sourceTree = "<group>"; };
		B5307F8F1C7EE6E300F04AC3 /* BebasNeue-Thin.otf */ = {isa = PBXFileReference; lastKnownFileType = file; path = "BebasNeue-Thin.otf"; sourceTree = "<group>"; };
		B5307F951C7EF10E00F04AC3 /* IndexLabel.xib */ = {isa = PBXFileReference; fileEncoding = 4; lastKnownFileType = file.xib; path = IndexLabel.xib; sourceTree = "<group>"; };
		B5307F971C7EF72400F04AC3 /* ButtonView.xib */ = {isa = PBXFileReference; fileEncoding = 4; lastKnownFileType = file.xib; path = ButtonView.xib; sourceTree = "<group>"; };
		B5307F991C7EFB5900F04AC3 /* VehicleView.xib */ = {isa = PBXFileReference; fileEncoding = 4; lastKnownFileType = file.xib; path = VehicleView.xib; sourceTree = "<group>"; };
		B5307F9B1C7EFF0D00F04AC3 /* PositionLabel.xib */ = {isa = PBXFileReference; fileEncoding = 4; lastKnownFileType = file.xib; path = PositionLabel.xib; sourceTree = "<group>"; };
		B53106CD1C7FF2CB00690145 /* MilesView.swift */ = {isa = PBXFileReference; fileEncoding = 4; lastKnownFileType = sourcecode.swift; path = MilesView.swift; sourceTree = "<group>"; };
		B53106CF1C80454500690145 /* AchievementView.xib */ = {isa = PBXFileReference; fileEncoding = 4; lastKnownFileType = file.xib; path = AchievementView.xib; sourceTree = "<group>"; };
		B55084CF1C7FC2DC0083B242 /* ButtonView.swift */ = {isa = PBXFileReference; fileEncoding = 4; lastKnownFileType = sourcecode.swift; path = ButtonView.swift; sourceTree = "<group>"; };
		B55084D11C7FCB290083B242 /* PositionLabel.swift */ = {isa = PBXFileReference; fileEncoding = 4; lastKnownFileType = sourcecode.swift; path = PositionLabel.swift; sourceTree = "<group>"; };
		B571573D1C7FECA900A905CB /* MilesView.xib */ = {isa = PBXFileReference; fileEncoding = 4; lastKnownFileType = file.xib; path = MilesView.xib; sourceTree = "<group>"; };
		B5CAD01E1C82A253002D80EB /* AchievementsView.swift */ = {isa = PBXFileReference; fileEncoding = 4; lastKnownFileType = sourcecode.swift; path = AchievementsView.swift; sourceTree = "<group>"; };
		BFB4040FFF439FA729D207C8 /* Pods.framework */ = {isa = PBXFileReference; explicitFileType = wrapper.framework; includeInIndex = 0; path = Pods.framework; sourceTree = BUILT_PRODUCTS_DIR; };
		C969E93E25491B4E8787ABDC /* Pods.debug.xcconfig */ = {isa = PBXFileReference; includeInIndex = 1; lastKnownFileType = text.xcconfig; name = Pods.debug.xcconfig; path = "Pods/Target Support Files/Pods/Pods.debug.xcconfig"; sourceTree = "<group>"; };
		CF0378E51C8400C6004AD39B /* ColorPalette.swift */ = {isa = PBXFileReference; fileEncoding = 4; lastKnownFileType = sourcecode.swift; path = ColorPalette.swift; sourceTree = "<group>"; };
		CF56A22A1C7EC956002F9F5B /* e-driving.app */ = {isa = PBXFileReference; explicitFileType = wrapper.application; includeInIndex = 0; path = "e-driving.app"; sourceTree = BUILT_PRODUCTS_DIR; };
		CF56A22D1C7EC956002F9F5B /* AppDelegate.swift */ = {isa = PBXFileReference; lastKnownFileType = sourcecode.swift; path = AppDelegate.swift; sourceTree = "<group>"; };
		CF56A2341C7EC956002F9F5B /* Assets.xcassets */ = {isa = PBXFileReference; lastKnownFileType = folder.assetcatalog; path = Assets.xcassets; sourceTree = "<group>"; };
		CF56A2371C7EC956002F9F5B /* Base */ = {isa = PBXFileReference; lastKnownFileType = file.storyboard; name = Base; path = Base.lproj/LaunchScreen.storyboard; sourceTree = "<group>"; };
		CF56A2391C7EC956002F9F5B /* Info.plist */ = {isa = PBXFileReference; lastKnownFileType = text.plist.xml; path = Info.plist; sourceTree = "<group>"; };
		CF56A2401C7ECC0C002F9F5B /* Base */ = {isa = PBXFileReference; lastKnownFileType = file.storyboard; name = Base; path = Base.lproj/Menu.storyboard; sourceTree = "<group>"; };
		CF56A2421C7ECE2F002F9F5B /* MenuScene.swift */ = {isa = PBXFileReference; fileEncoding = 4; lastKnownFileType = sourcecode.swift; path = MenuScene.swift; sourceTree = "<group>"; };
		CF56A2441C7ED006002F9F5B /* MenuCell.xib */ = {isa = PBXFileReference; fileEncoding = 4; lastKnownFileType = file.xib; path = MenuCell.xib; sourceTree = "<group>"; };
		CF56A2471C7ED633002F9F5B /* Base */ = {isa = PBXFileReference; lastKnownFileType = file.storyboard; name = Base; path = "Base.lproj/Your Drive.storyboard"; sourceTree = "<group>"; };
		CF56A24A1C7ED64B002F9F5B /* Base */ = {isa = PBXFileReference; lastKnownFileType = file.storyboard; name = Base; path = "Base.lproj/Car Performance.storyboard"; sourceTree = "<group>"; };
		CF56A2511C7ED67F002F9F5B /* Base */ = {isa = PBXFileReference; lastKnownFileType = file.storyboard; name = Base; path = Base.lproj/Feed.storyboard; sourceTree = "<group>"; };
		CF56A2541C7ED69C002F9F5B /* Base */ = {isa = PBXFileReference; lastKnownFileType = file.storyboard; name = Base; path = Base.lproj/Dashboard.storyboard; sourceTree = "<group>"; };
		CF56A2571C7ED9B8002F9F5B /* Graphics.swift */ = {isa = PBXFileReference; fileEncoding = 4; lastKnownFileType = sourcecode.swift; path = Graphics.swift; sourceTree = "<group>"; };
		CF56A2591C7F09CF002F9F5B /* NavigationBar.swift */ = {isa = PBXFileReference; fileEncoding = 4; lastKnownFileType = sourcecode.swift; path = NavigationBar.swift; sourceTree = "<group>"; };
		CF56A25D1C7F169C002F9F5B /* VehicleView.swift */ = {isa = PBXFileReference; fileEncoding = 4; lastKnownFileType = sourcecode.swift; path = VehicleView.swift; sourceTree = "<group>"; };
		CF56A25F1C7F16DB002F9F5B /* VehicleScene.swift */ = {isa = PBXFileReference; fileEncoding = 4; lastKnownFileType = sourcecode.swift; path = VehicleScene.swift; sourceTree = "<group>"; };
		CF56A2621C7F1759002F9F5B /* ViewController.swift */ = {isa = PBXFileReference; fileEncoding = 4; lastKnownFileType = sourcecode.swift; path = ViewController.swift; sourceTree = "<group>"; };
		CF56A2641C7F18CC002F9F5B /* IndexLabel.swift */ = {isa = PBXFileReference; fileEncoding = 4; lastKnownFileType = sourcecode.swift; path = IndexLabel.swift; sourceTree = "<group>"; };
		CF97042C1C7FEE220035CECE /* RouteView.swift */ = {isa = PBXFileReference; fileEncoding = 4; lastKnownFileType = sourcecode.swift; path = RouteView.swift; sourceTree = "<group>"; };
		CF9704311C804BB00035CECE /* PositionLabelCompact.xib */ = {isa = PBXFileReference; fileEncoding = 4; lastKnownFileType = file.xib; path = PositionLabelCompact.xib; sourceTree = "<group>"; };
		CF9704331C8052070035CECE /* ActivityScene.swift */ = {isa = PBXFileReference; fileEncoding = 4; lastKnownFileType = sourcecode.swift; path = ActivityScene.swift; sourceTree = "<group>"; };
		CFA34D7C1C83D69700B2D869 /* Achievement.swift */ = {isa = PBXFileReference; fileEncoding = 4; lastKnownFileType = sourcecode.swift; path = Achievement.swift; sourceTree = "<group>"; };
		CFA34D7F1C83E0F800B2D869 /* DashboardScene.swift */ = {isa = PBXFileReference; fileEncoding = 4; lastKnownFileType = sourcecode.swift; path = DashboardScene.swift; sourceTree = "<group>"; };
		CFA34D821C83E3ED00B2D869 /* Formatter.swift */ = {isa = PBXFileReference; fileEncoding = 4; lastKnownFileType = sourcecode.swift; path = Formatter.swift; sourceTree = "<group>"; };
		CFA34D841C83E42700B2D869 /* RouteHistory.swift */ = {isa = PBXFileReference; fileEncoding = 4; lastKnownFileType = sourcecode.swift; path = RouteHistory.swift; sourceTree = "<group>"; };
		CFA34D861C83E85D00B2D869 /* DateTicker.swift */ = {isa = PBXFileReference; fileEncoding = 4; lastKnownFileType = sourcecode.swift; path = DateTicker.swift; sourceTree = "<group>"; };
		CFA34D881C83E8B000B2D869 /* DateTicker.xib */ = {isa = PBXFileReference; fileEncoding = 4; lastKnownFileType = file.xib; path = DateTicker.xib; sourceTree = "<group>"; };
/* End PBXFileReference section */

/* Begin PBXFrameworksBuildPhase section */
		CF56A2271C7EC956002F9F5B /* Frameworks */ = {
			isa = PBXFrameworksBuildPhase;
			buildActionMask = 2147483647;
			files = (
				C1CAC8837F7630815E9A39A0 /* Pods.framework in Frameworks */,
			);
			runOnlyForDeploymentPostprocessing = 0;
		};
/* End PBXFrameworksBuildPhase section */

/* Begin PBXGroup section */
		2C3AD8742C50008883E7DA9D /* Frameworks */ = {
			isa = PBXGroup;
			children = (
				BFB4040FFF439FA729D207C8 /* Pods.framework */,
			);
			name = Frameworks;
			sourceTree = "<group>";
		};
		80B49A0C48DDA5B6310EE858 /* Pods */ = {
			isa = PBXGroup;
			children = (
				C969E93E25491B4E8787ABDC /* Pods.debug.xcconfig */,
				9B9F15CC63F2B2FF661D7EFF /* Pods.release.xcconfig */,
			);
			name = Pods;
			sourceTree = "<group>";
		};
		B5307F3B1C7EE56D00F04AC3 /* Resources */ = {
			isa = PBXGroup;
			children = (
				B5307F3C1C7EE57F00F04AC3 /* Fonts */,
			);
			name = Resources;
			path = "e-driving";
			sourceTree = "<group>";
		};
		B5307F3C1C7EE57F00F04AC3 /* Fonts */ = {
			isa = PBXGroup;
			children = (
				B5307F8B1C7EE6E300F04AC3 /* BebasNeueBold.otf */,
				B5307F8C1C7EE6E300F04AC3 /* BebasNeueBook.otf */,
				B5307F8D1C7EE6E300F04AC3 /* BebasNeueLight.otf */,
				B5307F8E1C7EE6E300F04AC3 /* BebasNeueRegular.otf */,
				B5307F8F1C7EE6E300F04AC3 /* BebasNeue-Thin.otf */,
				B5307F811C7EE6CB00F04AC3 /* SFUIText-Bold.otf */,
				B5307F821C7EE6CB00F04AC3 /* SFUIText-Light.otf */,
				B5307F831C7EE6CB00F04AC3 /* SFUIText-Medium.otf */,
				B5307F841C7EE6CB00F04AC3 /* SFUIText-Regular.otf */,
				B5307F851C7EE6CB00F04AC3 /* SFUIText-Semibold.otf */,
			);
			path = Fonts;
			sourceTree = "<group>";
		};
		CF56A2211C7EC955002F9F5B = {
			isa = PBXGroup;
			children = (
				CF56A22C1C7EC956002F9F5B /* e-driving */,
				B5307F3B1C7EE56D00F04AC3 /* Resources */,
				CF56A22B1C7EC956002F9F5B /* Products */,
				80B49A0C48DDA5B6310EE858 /* Pods */,
				2C3AD8742C50008883E7DA9D /* Frameworks */,
			);
			sourceTree = "<group>";
		};
		CF56A22B1C7EC956002F9F5B /* Products */ = {
			isa = PBXGroup;
			children = (
				CF56A22A1C7EC956002F9F5B /* e-driving.app */,
			);
			name = Products;
			sourceTree = "<group>";
		};
		CF56A22C1C7EC956002F9F5B /* e-driving */ = {
			isa = PBXGroup;
			children = (
				CF56A2391C7EC956002F9F5B /* Info.plist */,
				CF56A22D1C7EC956002F9F5B /* AppDelegate.swift */,
				CF56A2571C7ED9B8002F9F5B /* Graphics.swift */,
				CF56A2421C7ECE2F002F9F5B /* MenuScene.swift */,
				CF56A2591C7F09CF002F9F5B /* NavigationBar.swift */,
				CF56A2621C7F1759002F9F5B /* ViewController.swift */,
				CF56A2341C7EC956002F9F5B /* Assets.xcassets */,
				CF56A2441C7ED006002F9F5B /* MenuCell.xib */,
				CF9704301C801D180035CECE /* Activity Scene */,
				CFC154C71C841F0B00B78F18 /* Car Performance Scene */,
				CFA34D7E1C83E0DF00B2D869 /* Dashboard Scene */,
				CF56A2361C7EC956002F9F5B /* LaunchScreen.storyboard */,
				CF56A23F1C7ECC0C002F9F5B /* Menu.storyboard */,
				CFA34D811C83E3B900B2D869 /* Models */,
				CF56A2611C7F16FD002F9F5B /* Vehicle Scene */,
				CF56A2661C7F18D8002F9F5B /* Views */,
			);
			path = "e-driving";
			sourceTree = "<group>";
		};
		CF56A2611C7F16FD002F9F5B /* Vehicle Scene */ = {
			isa = PBXGroup;
			children = (
				CF56A2461C7ED633002F9F5B /* Your Drive.storyboard */,
				CF56A25F1C7F16DB002F9F5B /* VehicleScene.swift */,
			);
			name = "Vehicle Scene";
			sourceTree = "<group>";
		};
		CF56A2661C7F18D8002F9F5B /* Views */ = {
			isa = PBXGroup;
			children = (
				B5307F951C7EF10E00F04AC3 /* IndexLabel.xib */,
				CF56A2641C7F18CC002F9F5B /* IndexLabel.swift */,
				B5307F991C7EFB5900F04AC3 /* VehicleView.xib */,
				CF56A25D1C7F169C002F9F5B /* VehicleView.swift */,
				B5307F971C7EF72400F04AC3 /* ButtonView.xib */,
				B55084CF1C7FC2DC0083B242 /* ButtonView.swift */,
				B5307F9B1C7EFF0D00F04AC3 /* PositionLabel.xib */,
				CF9704311C804BB00035CECE /* PositionLabelCompact.xib */,
				B55084D11C7FCB290083B242 /* PositionLabel.swift */,
				B571573D1C7FECA900A905CB /* MilesView.xib */,
				B53106CD1C7FF2CB00690145 /* MilesView.swift */,
				CFA34D861C83E85D00B2D869 /* DateTicker.swift */,
				CFA34D881C83E8B000B2D869 /* DateTicker.xib */,
			);
			name = Views;
			sourceTree = "<group>";
		};
		CF9704301C801D180035CECE /* Activity Scene */ = {
			isa = PBXGroup;
			children = (
				B53106CF1C80454500690145 /* AchievementView.xib */,
				B5CAD01E1C82A253002D80EB /* AchievementsView.swift */,
				CF97042C1C7FEE220035CECE /* RouteView.swift */,
				CF56A2501C7ED67F002F9F5B /* Feed.storyboard */,
				CF9704331C8052070035CECE /* ActivityScene.swift */,
			);
			name = "Activity Scene";
			sourceTree = "<group>";
		};
		CFA34D7E1C83E0DF00B2D869 /* Dashboard Scene */ = {
			isa = PBXGroup;
			children = (
				CF56A2531C7ED69C002F9F5B /* Dashboard.storyboard */,
				CFA34D7F1C83E0F800B2D869 /* DashboardScene.swift */,
			);
			name = "Dashboard Scene";
			sourceTree = "<group>";
		};
		CFA34D811C83E3B900B2D869 /* Models */ = {
			isa = PBXGroup;
			children = (
				CFA34D7C1C83D69700B2D869 /* Achievement.swift */,
				CFA34D841C83E42700B2D869 /* RouteHistory.swift */,
				CFA34D821C83E3ED00B2D869 /* Formatter.swift */,
				CF0378E51C8400C6004AD39B /* ColorPalette.swift */,
			);
			name = Models;
			sourceTree = "<group>";
		};
		CFC154C71C841F0B00B78F18 /* Car Performance Scene */ = {
			isa = PBXGroup;
			children = (
				CF56A2491C7ED64B002F9F5B /* Car Performance.storyboard */,
			);
			name = "Car Performance Scene";
			sourceTree = "<group>";
		};
/* End PBXGroup section */

/* Begin PBXNativeTarget section */
		CF56A2291C7EC956002F9F5B /* e-driving */ = {
			isa = PBXNativeTarget;
			buildConfigurationList = CF56A23C1C7EC956002F9F5B /* Build configuration list for PBXNativeTarget "e-driving" */;
			buildPhases = (
				387DD2D5C37744922B2079AF /* Check Pods Manifest.lock */,
				CF56A2261C7EC956002F9F5B /* Sources */,
				CF56A2271C7EC956002F9F5B /* Frameworks */,
				CF56A2281C7EC956002F9F5B /* Resources */,
				5D45E1A30604451115146847 /* Embed Pods Frameworks */,
				4CFCE18D3046C766CF8009F7 /* Copy Pods Resources */,
				CF56A2561C7ED79A002F9F5B /* ShellScript */,
			);
			buildRules = (
			);
			dependencies = (
			);
			name = "e-driving";
			productName = "e-driving";
			productReference = CF56A22A1C7EC956002F9F5B /* e-driving.app */;
			productType = "com.apple.product-type.application";
		};
/* End PBXNativeTarget section */

/* Begin PBXProject section */
		CF56A2221C7EC956002F9F5B /* Project object */ = {
			isa = PBXProject;
			attributes = {
				LastSwiftUpdateCheck = 0720;
				LastUpgradeCheck = 0720;
				ORGANIZATIONNAME = "Interactive Labs";
				TargetAttributes = {
					CF56A2291C7EC956002F9F5B = {
						CreatedOnToolsVersion = 7.2.1;
						DevelopmentTeam = 6AM6RAJ294;
					};
				};
			};
			buildConfigurationList = CF56A2251C7EC956002F9F5B /* Build configuration list for PBXProject "e-driving" */;
			compatibilityVersion = "Xcode 3.2";
			developmentRegion = English;
			hasScannedForEncodings = 0;
			knownRegions = (
				en,
				Base,
			);
			mainGroup = CF56A2211C7EC955002F9F5B;
			productRefGroup = CF56A22B1C7EC956002F9F5B /* Products */;
			projectDirPath = "";
			projectRoot = "";
			targets = (
				CF56A2291C7EC956002F9F5B /* e-driving */,
			);
		};
/* End PBXProject section */

/* Begin PBXResourcesBuildPhase section */
		CF56A2281C7EC956002F9F5B /* Resources */ = {
			isa = PBXResourcesBuildPhase;
			buildActionMask = 2147483647;
			files = (
				B5307F911C7EE6E300F04AC3 /* BebasNeueBook.otf in Resources */,
				B5307F881C7EE6CB00F04AC3 /* SFUIText-Medium.otf in Resources */,
				B5307F961C7EF10E00F04AC3 /* IndexLabel.xib in Resources */,
				B5307F931C7EE6E300F04AC3 /* BebasNeueRegular.otf in Resources */,
				B5307F891C7EE6CB00F04AC3 /* SFUIText-Regular.otf in Resources */,
				CF9704321C804BB00035CECE /* PositionLabelCompact.xib in Resources */,
				B5307F941C7EE6E300F04AC3 /* BebasNeue-Thin.otf in Resources */,
				CF56A2381C7EC956002F9F5B /* LaunchScreen.storyboard in Resources */,
				CF56A2351C7EC956002F9F5B /* Assets.xcassets in Resources */,
				CF56A2521C7ED67F002F9F5B /* Feed.storyboard in Resources */,
				CF56A2451C7ED006002F9F5B /* MenuCell.xib in Resources */,
				B5307F8A1C7EE6CB00F04AC3 /* SFUIText-Semibold.otf in Resources */,
				B5307F981C7EF72400F04AC3 /* ButtonView.xib in Resources */,
				CF56A2411C7ECC0C002F9F5B /* Menu.storyboard in Resources */,
				B5307F9A1C7EFB5900F04AC3 /* VehicleView.xib in Resources */,
				B5307F861C7EE6CB00F04AC3 /* SFUIText-Bold.otf in Resources */,
				CF56A24B1C7ED64B002F9F5B /* Car Performance.storyboard in Resources */,
				B5307F871C7EE6CB00F04AC3 /* SFUIText-Light.otf in Resources */,
				B5307F921C7EE6E300F04AC3 /* BebasNeueLight.otf in Resources */,
				CFA34D891C83E8B000B2D869 /* DateTicker.xib in Resources */,
				CF56A2551C7ED69C002F9F5B /* Dashboard.storyboard in Resources */,
				B5307F9C1C7EFF0D00F04AC3 /* PositionLabel.xib in Resources */,
				B53106D01C80454500690145 /* AchievementView.xib in Resources */,
				B5307F901C7EE6E300F04AC3 /* BebasNeueBold.otf in Resources */,
				B571573E1C7FECA900A905CB /* MilesView.xib in Resources */,
				CF56A2481C7ED633002F9F5B /* Your Drive.storyboard in Resources */,
			);
			runOnlyForDeploymentPostprocessing = 0;
		};
/* End PBXResourcesBuildPhase section */

/* Begin PBXShellScriptBuildPhase section */
		387DD2D5C37744922B2079AF /* Check Pods Manifest.lock */ = {
			isa = PBXShellScriptBuildPhase;
			buildActionMask = 2147483647;
			files = (
			);
			inputPaths = (
			);
			name = "Check Pods Manifest.lock";
			outputPaths = (
			);
			runOnlyForDeploymentPostprocessing = 0;
			shellPath = /bin/sh;
			shellScript = "diff \"${PODS_ROOT}/../Podfile.lock\" \"${PODS_ROOT}/Manifest.lock\" > /dev/null\nif [[ $? != 0 ]] ; then\n    cat << EOM\nerror: The sandbox is not in sync with the Podfile.lock. Run 'pod install' or update your CocoaPods installation.\nEOM\n    exit 1\nfi\n";
			showEnvVarsInLog = 0;
		};
		4CFCE18D3046C766CF8009F7 /* Copy Pods Resources */ = {
			isa = PBXShellScriptBuildPhase;
			buildActionMask = 2147483647;
			files = (
			);
			inputPaths = (
			);
			name = "Copy Pods Resources";
			outputPaths = (
			);
			runOnlyForDeploymentPostprocessing = 0;
			shellPath = /bin/sh;
			shellScript = "\"${SRCROOT}/Pods/Target Support Files/Pods/Pods-resources.sh\"\n";
			showEnvVarsInLog = 0;
		};
		5D45E1A30604451115146847 /* Embed Pods Frameworks */ = {
			isa = PBXShellScriptBuildPhase;
			buildActionMask = 2147483647;
			files = (
			);
			inputPaths = (
			);
			name = "Embed Pods Frameworks";
			outputPaths = (
			);
			runOnlyForDeploymentPostprocessing = 0;
			shellPath = /bin/sh;
			shellScript = "\"${SRCROOT}/Pods/Target Support Files/Pods/Pods-frameworks.sh\"\n";
			showEnvVarsInLog = 0;
		};
		CF56A2561C7ED79A002F9F5B /* ShellScript */ = {
			isa = PBXShellScriptBuildPhase;
			buildActionMask = 2147483647;
			files = (
			);
			inputPaths = (
			);
			outputPaths = (
			);
			runOnlyForDeploymentPostprocessing = 0;
			shellPath = /bin/sh;
			shellScript = "FILE=\"${SRCROOT}/HockeySDK-iOS/BuildAgent\"\nif [ -f \"$FILE\" ]; then\n\"$FILE\"\nfi";
		};
/* End PBXShellScriptBuildPhase section */

/* Begin PBXSourcesBuildPhase section */
		CF56A2261C7EC956002F9F5B /* Sources */ = {
			isa = PBXSourcesBuildPhase;
			buildActionMask = 2147483647;
			files = (
				CFA34D871C83E85D00B2D869 /* DateTicker.swift in Sources */,
				CF97042D1C7FEE220035CECE /* RouteView.swift in Sources */,
				CF56A25A1C7F09CF002F9F5B /* NavigationBar.swift in Sources */,
				CF56A25E1C7F169C002F9F5B /* VehicleView.swift in Sources */,
				CF9704341C8052070035CECE /* ActivityScene.swift in Sources */,
				CF56A2581C7ED9B8002F9F5B /* Graphics.swift in Sources */,
				CFA34D801C83E0F800B2D869 /* DashboardScene.swift in Sources */,
				CFA34D7D1C83D69700B2D869 /* Achievement.swift in Sources */,
				CF56A2651C7F18CC002F9F5B /* IndexLabel.swift in Sources */,
				CF56A2431C7ECE2F002F9F5B /* MenuScene.swift in Sources */,
				B53106CE1C7FF2CB00690145 /* MilesView.swift in Sources */,
				CFA34D851C83E42700B2D869 /* RouteHistory.swift in Sources */,
				CF56A2631C7F1759002F9F5B /* ViewController.swift in Sources */,
				CFA34D831C83E3ED00B2D869 /* Formatter.swift in Sources */,
				B5CAD01F1C82A253002D80EB /* AchievementsView.swift in Sources */,
				CF0378E61C8400C6004AD39B /* ColorPalette.swift in Sources */,
				CF56A2601C7F16DB002F9F5B /* VehicleScene.swift in Sources */,
				B55084D01C7FC2DC0083B242 /* ButtonView.swift in Sources */,
				CF56A22E1C7EC956002F9F5B /* AppDelegate.swift in Sources */,
				B55084D21C7FCB290083B242 /* PositionLabel.swift in Sources */,
			);
			runOnlyForDeploymentPostprocessing = 0;
		};
/* End PBXSourcesBuildPhase section */

/* Begin PBXVariantGroup section */
		CF56A2361C7EC956002F9F5B /* LaunchScreen.storyboard */ = {
			isa = PBXVariantGroup;
			children = (
				CF56A2371C7EC956002F9F5B /* Base */,
			);
			name = LaunchScreen.storyboard;
			sourceTree = "<group>";
		};
		CF56A23F1C7ECC0C002F9F5B /* Menu.storyboard */ = {
			isa = PBXVariantGroup;
			children = (
				CF56A2401C7ECC0C002F9F5B /* Base */,
			);
			name = Menu.storyboard;
			sourceTree = "<group>";
		};
		CF56A2461C7ED633002F9F5B /* Your Drive.storyboard */ = {
			isa = PBXVariantGroup;
			children = (
				CF56A2471C7ED633002F9F5B /* Base */,
			);
			name = "Your Drive.storyboard";
			sourceTree = "<group>";
		};
		CF56A2491C7ED64B002F9F5B /* Car Performance.storyboard */ = {
			isa = PBXVariantGroup;
			children = (
				CF56A24A1C7ED64B002F9F5B /* Base */,
			);
			name = "Car Performance.storyboard";
			sourceTree = "<group>";
		};
		CF56A2501C7ED67F002F9F5B /* Feed.storyboard */ = {
			isa = PBXVariantGroup;
			children = (
				CF56A2511C7ED67F002F9F5B /* Base */,
			);
			name = Feed.storyboard;
			sourceTree = "<group>";
		};
		CF56A2531C7ED69C002F9F5B /* Dashboard.storyboard */ = {
			isa = PBXVariantGroup;
			children = (
				CF56A2541C7ED69C002F9F5B /* Base */,
			);
			name = Dashboard.storyboard;
			sourceTree = "<group>";
		};
/* End PBXVariantGroup section */

/* Begin XCBuildConfiguration section */
		CF56A23A1C7EC956002F9F5B /* Debug */ = {
			isa = XCBuildConfiguration;
			buildSettings = {
				ALWAYS_SEARCH_USER_PATHS = NO;
				CLANG_CXX_LANGUAGE_STANDARD = "gnu++0x";
				CLANG_CXX_LIBRARY = "libc++";
				CLANG_ENABLE_MODULES = YES;
				CLANG_ENABLE_OBJC_ARC = YES;
				CLANG_WARN_BOOL_CONVERSION = YES;
				CLANG_WARN_CONSTANT_CONVERSION = YES;
				CLANG_WARN_DIRECT_OBJC_ISA_USAGE = YES_ERROR;
				CLANG_WARN_EMPTY_BODY = YES;
				CLANG_WARN_ENUM_CONVERSION = YES;
				CLANG_WARN_INT_CONVERSION = YES;
				CLANG_WARN_OBJC_ROOT_CLASS = YES_ERROR;
				CLANG_WARN_UNREACHABLE_CODE = YES;
				CLANG_WARN__DUPLICATE_METHOD_MATCH = YES;
				"CODE_SIGN_IDENTITY[sdk=iphoneos*]" = "iPhone Developer";
				COPY_PHASE_STRIP = NO;
				DEBUG_INFORMATION_FORMAT = dwarf;
				ENABLE_STRICT_OBJC_MSGSEND = YES;
				ENABLE_TESTABILITY = YES;
				GCC_C_LANGUAGE_STANDARD = gnu99;
				GCC_DYNAMIC_NO_PIC = NO;
				GCC_NO_COMMON_BLOCKS = YES;
				GCC_OPTIMIZATION_LEVEL = 0;
				GCC_PREPROCESSOR_DEFINITIONS = (
					"DEBUG=1",
					"$(inherited)",
				);
				GCC_WARN_64_TO_32_BIT_CONVERSION = YES;
				GCC_WARN_ABOUT_RETURN_TYPE = YES_ERROR;
				GCC_WARN_UNDECLARED_SELECTOR = YES;
				GCC_WARN_UNINITIALIZED_AUTOS = YES_AGGRESSIVE;
				GCC_WARN_UNUSED_FUNCTION = YES;
				GCC_WARN_UNUSED_VARIABLE = YES;
				IPHONEOS_DEPLOYMENT_TARGET = 9.0;
				MTL_ENABLE_DEBUG_INFO = YES;
				ONLY_ACTIVE_ARCH = YES;
				SDKROOT = iphoneos;
				SWIFT_OPTIMIZATION_LEVEL = "-Onone";
				TARGETED_DEVICE_FAMILY = "1,2";
			};
			name = Debug;
		};
		CF56A23B1C7EC956002F9F5B /* Release */ = {
			isa = XCBuildConfiguration;
			buildSettings = {
				ALWAYS_SEARCH_USER_PATHS = NO;
				CLANG_CXX_LANGUAGE_STANDARD = "gnu++0x";
				CLANG_CXX_LIBRARY = "libc++";
				CLANG_ENABLE_MODULES = YES;
				CLANG_ENABLE_OBJC_ARC = YES;
				CLANG_WARN_BOOL_CONVERSION = YES;
				CLANG_WARN_CONSTANT_CONVERSION = YES;
				CLANG_WARN_DIRECT_OBJC_ISA_USAGE = YES_ERROR;
				CLANG_WARN_EMPTY_BODY = YES;
				CLANG_WARN_ENUM_CONVERSION = YES;
				CLANG_WARN_INT_CONVERSION = YES;
				CLANG_WARN_OBJC_ROOT_CLASS = YES_ERROR;
				CLANG_WARN_UNREACHABLE_CODE = YES;
				CLANG_WARN__DUPLICATE_METHOD_MATCH = YES;
				"CODE_SIGN_IDENTITY[sdk=iphoneos*]" = "iPhone Developer";
				COPY_PHASE_STRIP = NO;
				DEBUG_INFORMATION_FORMAT = "dwarf-with-dsym";
				ENABLE_NS_ASSERTIONS = NO;
				ENABLE_STRICT_OBJC_MSGSEND = YES;
				GCC_C_LANGUAGE_STANDARD = gnu99;
				GCC_NO_COMMON_BLOCKS = YES;
				GCC_WARN_64_TO_32_BIT_CONVERSION = YES;
				GCC_WARN_ABOUT_RETURN_TYPE = YES_ERROR;
				GCC_WARN_UNDECLARED_SELECTOR = YES;
				GCC_WARN_UNINITIALIZED_AUTOS = YES_AGGRESSIVE;
				GCC_WARN_UNUSED_FUNCTION = YES;
				GCC_WARN_UNUSED_VARIABLE = YES;
				IPHONEOS_DEPLOYMENT_TARGET = 9.0;
				MTL_ENABLE_DEBUG_INFO = NO;
				SDKROOT = iphoneos;
				TARGETED_DEVICE_FAMILY = "1,2";
				VALIDATE_PRODUCT = YES;
			};
			name = Release;
		};
		CF56A23D1C7EC956002F9F5B /* Debug */ = {
			isa = XCBuildConfiguration;
			baseConfigurationReference = C969E93E25491B4E8787ABDC /* Pods.debug.xcconfig */;
			buildSettings = {
				ASSETCATALOG_COMPILER_APPICON_NAME = AppIcon;
				INFOPLIST_FILE = "e-driving/Info.plist";
				INFOPLIST_PREFIX_HEADER = InfoPlist.h;
				INFOPLIST_PREPROCESS = YES;
				LD_RUNPATH_SEARCH_PATHS = "$(inherited) @executable_path/Frameworks";
				PRODUCT_BUNDLE_IDENTIFIER = "co.interactivelabs.e-driving";
				PRODUCT_NAME = "$(TARGET_NAME)";
			};
			name = Debug;
		};
		CF56A23E1C7EC956002F9F5B /* Release */ = {
			isa = XCBuildConfiguration;
			baseConfigurationReference = 9B9F15CC63F2B2FF661D7EFF /* Pods.release.xcconfig */;
			buildSettings = {
				ASSETCATALOG_COMPILER_APPICON_NAME = AppIcon;
				INFOPLIST_FILE = "e-driving/Info.plist";
				INFOPLIST_PREFIX_HEADER = InfoPlist.h;
				INFOPLIST_PREPROCESS = YES;
				LD_RUNPATH_SEARCH_PATHS = "$(inherited) @executable_path/Frameworks";
				PRODUCT_BUNDLE_IDENTIFIER = "co.interactivelabs.e-driving";
				PRODUCT_NAME = "$(TARGET_NAME)";
				PROVISIONING_PROFILE = "f9628715-0bc4-4aa3-a405-8b80ed569b40";
			};
			name = Release;
		};
/* End XCBuildConfiguration section */

/* Begin XCConfigurationList section */
		CF56A2251C7EC956002F9F5B /* Build configuration list for PBXProject "e-driving" */ = {
			isa = XCConfigurationList;
			buildConfigurations = (
				CF56A23A1C7EC956002F9F5B /* Debug */,
				CF56A23B1C7EC956002F9F5B /* Release */,
			);
			defaultConfigurationIsVisible = 0;
			defaultConfigurationName = Release;
		};
		CF56A23C1C7EC956002F9F5B /* Build configuration list for PBXNativeTarget "e-driving" */ = {
			isa = XCConfigurationList;
			buildConfigurations = (
				CF56A23D1C7EC956002F9F5B /* Debug */,
				CF56A23E1C7EC956002F9F5B /* Release */,
			);
			defaultConfigurationIsVisible = 0;
			defaultConfigurationName = Release;
		};
/* End XCConfigurationList section */
	};
	rootObject = CF56A2221C7EC956002F9F5B /* Project object */;
}
